// !$*UTF8*$!
{
	archiveVersion = 1;
	classes = {
	};
	objectVersion = 39;
	objects = {
		014CEA520018CE5811CA2923 = {
			buildSettings = {
				COPY_PHASE_STRIP = NO;
				GCC_CHAR_IS_UNSIGNED_CHAR = YES;
				GCC_DYNAMIC_NO_PIC = NO;
				GCC_ENABLE_FIX_AND_CONTINUE = YES;
				GCC_GENERATE_DEBUGGING_SYMBOLS = YES;
				GCC_INPUT_FILETYPE = sourcecode.cpp.cpp;
				GCC_OPTIMIZATION_LEVEL = 0;
				GCC_WARN_ABOUT_MISSING_PROTOTYPES = YES;
				WARNING_CFLAGS = "-Wall";
				ZERO_LINK = YES;
			};
			isa = PBXBuildStyle;
			name = Development;
		};
		014CEA530018CE5811CA2923 = {
			buildSettings = {
				COPY_PHASE_STRIP = YES;
				GCC_CHAR_IS_UNSIGNED_CHAR = YES;
				GCC_ENABLE_FIX_AND_CONTINUE = NO;
				GCC_INPUT_FILETYPE = sourcecode.cpp.cpp;
				GCC_WARN_ABOUT_MISSING_PROTOTYPES = YES;
				WARNING_CFLAGS = "-Wall";
				ZERO_LINK = NO;
			};
			isa = PBXBuildStyle;
			name = Deployment;
		};
//010
//011
//012
//013
//014
//080
//081
//082
//083
//084
		08FB7793FE84155DC02AAC07 = {
			buildSettings = {
			};
			buildStyles = (
				014CEA520018CE5811CA2923,
				014CEA530018CE5811CA2923,
			);
			hasScannedForEncodings = 1;
			isa = PBXProject;
			mainGroup = 08FB7794FE84155DC02AAC07;
			projectDirPath = "";
			targets = (
				8DD76FA90486AB0100D96B5E,
			);
		};
		08FB7794FE84155DC02AAC07 = {
			children = (
				6EFE031507387FAF00CA7883,
				08FB7795FE84155DC02AAC07,
				C6A0FF2B0290797F04C91782,
				1AB674ADFE9D54B511CA2CBB,
			);
			isa = PBXGroup;
			name = lbltp;
			refType = 4;
			sourceTree = "<group>";
		};
		08FB7795FE84155DC02AAC07 = {
			children = (
				6EB67CF40739E247002B9330,
				6EFE030407387F7500CA7883,
				6EFE030507387F7600CA7883,
				6EFE030607387F7600CA7883,
				6EFE030707387F7600CA7883,
			);
			isa = PBXGroup;
			name = Source;
			path = /usr/local/src/lbltp/Source;
			refType = 0;
			sourceTree = "<absolute>";
		};
//080
//081
//082
//083
//084
//1A0
//1A1
//1A2
//1A3
//1A4
		1AB674ADFE9D54B511CA2CBB = {
			children = (
				8DD76FB20486AB0100D96B5E,
			);
			isa = PBXGroup;
			name = Products;
			refType = 4;
			sourceTree = "<group>";
		};
//1A0
//1A1
//1A2
//1A3
//1A4
//6E0
//6E1
//6E2
//6E3
//6E4
		6EB67CF30739E247002B9330 = {
			fileEncoding = 4;
			isa = PBXFileReference;
			lastKnownFileType = sourcecode.c.h;
			path = vars.h;
			refType = 4;
			sourceTree = "<group>";
		};
		6EB67CF40739E247002B9330 = {
			fileEncoding = 4;
			isa = PBXFileReference;
			lastKnownFileType = sourcecode.c.c;
			path = vars.c;
			refType = 4;
			sourceTree = "<group>";
		};
		6EB67CF50739E247002B9330 = {
			fileRef = 6EB67CF30739E247002B9330;
			isa = PBXBuildFile;
			settings = {
			};
		};
		6EB67CF60739E247002B9330 = {
			fileRef = 6EB67CF40739E247002B9330;
			isa = PBXBuildFile;
			settings = {
			};
		};
		6EFE030407387F7500CA7883 = {
			fileEncoding = 30;
			isa = PBXFileReference;
			lastKnownFileType = sourcecode.c.c;
			path = machine.c;
			refType = 4;
			sourceTree = "<group>";
		};
		6EFE030507387F7600CA7883 = {
			fileEncoding = 30;
			isa = PBXFileReference;
			lastKnownFileType = sourcecode.c.c;
			path = linemode.c;
			refType = 4;
			sourceTree = "<group>";
		};
		6EFE030607387F7600CA7883 = {
			fileEncoding = 30;
			isa = PBXFileReference;
			lastKnownFileType = sourcecode.c.c;
			path = functions.c;
			refType = 4;
			sourceTree = "<group>";
		};
		6EFE030707387F7600CA7883 = {
			fileEncoding = 30;
			isa = PBXFileReference;
			lastKnownFileType = sourcecode.c.c;
			path = fsrtns.c;
			refType = 4;
			sourceTree = "<group>";
		};
		6EFE030807387F7600CA7883 = {
			fileRef = 6EFE030407387F7500CA7883;
			isa = PBXBuildFile;
			settings = {
			};
		};
		6EFE030907387F7600CA7883 = {
			fileRef = 6EFE030507387F7600CA7883;
			isa = PBXBuildFile;
			settings = {
			};
		};
		6EFE030A07387F7600CA7883 = {
			fileRef = 6EFE030607387F7600CA7883;
			isa = PBXBuildFile;
			settings = {
			};
		};
		6EFE030B07387F7600CA7883 = {
			fileRef = 6EFE030707387F7600CA7883;
			isa = PBXBuildFile;
			settings = {
			};
		};
		6EFE030D07387F9A00CA7883 = {
			fileEncoding = 30;
			isa = PBXFileReference;
			lastKnownFileType = sourcecode.c.h;
			path = translate.h;
			refType = 4;
			sourceTree = "<group>";
		};
		6EFE030E07387F9A00CA7883 = {
			fileEncoding = 30;
			isa = PBXFileReference;
			lastKnownFileType = sourcecode.c.h;
			path = lbltp.h;
			refType = 4;
			sourceTree = "<group>";
		};
		6EFE031507387FAF00CA7883 = {
			children = (
				6EFE037807389C5000CA7883,
				6EFE037207389A8E00CA7883,
				6EFE036E073899C200CA7883,
				6EFE0366073898EF00CA7883,
				6EFE030D07387F9A00CA7883,
				6EFE030E07387F9A00CA7883,
				6EB67CF30739E247002B9330,
			);
			isa = PBXGroup;
			name = Source;
			path = /usr/local/src/lbltp/Source;
			refType = 0;
			sourceTree = "<absolute>";
		};
		6EFE031807387FC600CA7883 = {
			buildActionMask = 2147483647;
			files = (
				6EFE031907387FD100CA7883,
				6EFE031A07387FD100CA7883,
				6EFE0367073898EF00CA7883,
				6EFE036F073899C200CA7883,
				6EFE037307389A8E00CA7883,
				6EFE037907389C5000CA7883,
				6EB67CF50739E247002B9330,
			);
			isa = PBXHeadersBuildPhase;
			runOnlyForDeploymentPostprocessing = 0;
		};
		6EFE031907387FD100CA7883 = {
			fileRef = 6EFE030D07387F9A00CA7883;
			isa = PBXBuildFile;
			settings = {
			};
		};
		6EFE031A07387FD100CA7883 = {
			fileRef = 6EFE030E07387F9A00CA7883;
			isa = PBXBuildFile;
			settings = {
			};
		};
		6EFE0366073898EF00CA7883 = {
			fileEncoding = 4;
			isa = PBXFileReference;
			lastKnownFileType = sourcecode.c.h;
			path = machine.h;
			refType = 4;
			sourceTree = "<group>";
		};
		6EFE0367073898EF00CA7883 = {
			fileRef = 6EFE0366073898EF00CA7883;
			isa = PBXBuildFile;
			settings = {
			};
		};
		6EFE036E073899C200CA7883 = {
			fileEncoding = 4;
			isa = PBXFileReference;
			lastKnownFileType = sourcecode.c.h;
			path = linemode.h;
			refType = 4;
			sourceTree = "<group>";
		};
		6EFE036F073899C200CA7883 = {
			fileRef = 6EFE036E073899C200CA7883;
			isa = PBXBuildFile;
			settings = {
			};
		};
		6EFE037207389A8E00CA7883 = {
			fileEncoding = 4;
			isa = PBXFileReference;
			lastKnownFileType = sourcecode.c.h;
			path = functions.h;
			refType = 4;
			sourceTree = "<group>";
		};
		6EFE037307389A8E00CA7883 = {
			fileRef = 6EFE037207389A8E00CA7883;
			isa = PBXBuildFile;
			settings = {
			};
		};
		6EFE037807389C5000CA7883 = {
			fileEncoding = 4;
			isa = PBXFileReference;
			lastKnownFileType = sourcecode.c.h;
			path = fsrtns.h;
			refType = 4;
			sourceTree = "<group>";
		};
		6EFE037907389C5000CA7883 = {
			fileRef = 6EFE037807389C5000CA7883;
			isa = PBXBuildFile;
			settings = {
			};
		};
//6E0
//6E1
//6E2
//6E3
//6E4
//8D0
//8D1
//8D2
//8D3
//8D4
		8DD76FA90486AB0100D96B5E = {
			buildPhases = (
				8DD76FAB0486AB0100D96B5E,
				8DD76FAF0486AB0100D96B5E,
				6EFE031807387FC600CA7883,
			);
			buildRules = (
			);
			buildSettings = {
				GCC_GENERATE_DEBUGGING_SYMBOLS = NO;
				INSTALL_PATH = "$(HOME)/bin";
				PRODUCT_NAME = lbltp;
			};
			dependencies = (
			);
			isa = PBXNativeTarget;
			name = lbltp;
			productInstallPath = "$(HOME)/bin";
			productName = lbltp;
			productReference = 8DD76FB20486AB0100D96B5E;
			productType = "com.apple.product-type.tool";
		};
		8DD76FAB0486AB0100D96B5E = {
			buildActionMask = 2147483647;
			files = (
				6EFE030807387F7600CA7883,
				6EFE030907387F7600CA7883,
				6EFE030A07387F7600CA7883,
				6EFE030B07387F7600CA7883,
				6EB67CF60739E247002B9330,
			);
			isa = PBXSourcesBuildPhase;
			runOnlyForDeploymentPostprocessing = 0;
		};
		8DD76FAF0486AB0100D96B5E = {
			buildActionMask = 8;
			dstPath = /usr/share/man/man1/;
			dstSubfolderSpec = 0;
			files = (
			);
			isa = PBXCopyFilesBuildPhase;
			runOnlyForDeploymentPostprocessing = 1;
		};
		8DD76FB20486AB0100D96B5E = {
			explicitFileType = "compiled.mach-o.executable";
			includeInIndex = 0;
			isa = PBXFileReference;
			path = lbltp;
			refType = 3;
			sourceTree = BUILT_PRODUCTS_DIR;
		};
//8D0
//8D1
//8D2
//8D3
//8D4
//C60
//C61
//C62
//C63
//C64
		C6A0FF2B0290797F04C91782 = {
			children = (
			);
			isa = PBXGroup;
			name = Documentation;
			refType = 4;
			sourceTree = "<group>";
		};
	};
	rootObject = 08FB7793FE84155DC02AAC07;
}
